// !$*UTF8*$!
{
	archiveVersion = 1;
	classes = {
	};
	objectVersion = 46;
	objects = {

/* Begin PBXBuildFile section */
		64348A9F1C8D78C0005718A7 /* main.m in Sources */ = {isa = PBXBuildFile; fileRef = 64348A9E1C8D78C0005718A7 /* main.m */; };
		64348AA21C8D78C0005718A7 /* AppDelegate.m in Sources */ = {isa = PBXBuildFile; fileRef = 64348AA11C8D78C0005718A7 /* AppDelegate.m */; };
		64348AA51C8D78C0005718A7 /* ViewController.m in Sources */ = {isa = PBXBuildFile; fileRef = 64348AA41C8D78C0005718A7 /* ViewController.m */; };
		64348AA81C8D78C0005718A7 /* Main.storyboard in Resources */ = {isa = PBXBuildFile; fileRef = 64348AA61C8D78C0005718A7 /* Main.storyboard */; };
		64348AAA1C8D78C0005718A7 /* Assets.xcassets in Resources */ = {isa = PBXBuildFile; fileRef = 64348AA91C8D78C0005718A7 /* Assets.xcassets */; };
		64348AAD1C8D78C0005718A7 /* LaunchScreen.storyboard in Resources */ = {isa = PBXBuildFile; fileRef = 64348AAB1C8D78C0005718A7 /* LaunchScreen.storyboard */; };
		64348AB81C8D78C0005718A7 /* ApplePayTestTests.m in Sources */ = {isa = PBXBuildFile; fileRef = 64348AB71C8D78C0005718A7 /* ApplePayTestTests.m */; };
		64348AC31C8D78C0005718A7 /* ApplePayTestUITests.m in Sources */ = {isa = PBXBuildFile; fileRef = 64348AC21C8D78C0005718A7 /* ApplePayTestUITests.m */; };
/* End PBXBuildFile section */

/* Begin PBXContainerItemProxy section */
		64348AB41C8D78C0005718A7 /* PBXContainerItemProxy */ = {
			isa = PBXContainerItemProxy;
			containerPortal = 64348A921C8D78C0005718A7 /* Project object */;
			proxyType = 1;
			remoteGlobalIDString = 64348A991C8D78C0005718A7;
			remoteInfo = ApplePayTest;
		};
		64348ABF1C8D78C0005718A7 /* PBXContainerItemProxy */ = {
			isa = PBXContainerItemProxy;
			containerPortal = 64348A921C8D78C0005718A7 /* Project object */;
			proxyType = 1;
			remoteGlobalIDString = 64348A991C8D78C0005718A7;
			remoteInfo = ApplePayTest;
		};
/* End PBXContainerItemProxy section */

/* Begin PBXFileReference section */
		64348A9A1C8D78C0005718A7 /* ApplePayTest.app */ = {isa = PBXFileReference; explicitFileType = wrapper.application; includeInIndex = 0; path = ApplePayTest.app; sourceTree = BUILT_PRODUCTS_DIR; };
		64348A9E1C8D78C0005718A7 /* main.m */ = {isa = PBXFileReference; lastKnownFileType = sourcecode.c.objc; path = main.m; sourceTree = "<group>"; };
		64348AA01C8D78C0005718A7 /* AppDelegate.h */ = {isa = PBXFileReference; lastKnownFileType = sourcecode.c.h; path = AppDelegate.h; sourceTree = "<group>"; };
		64348AA11C8D78C0005718A7 /* AppDelegate.m */ = {isa = PBXFileReference; lastKnownFileType = sourcecode.c.objc; path = AppDelegate.m; sourceTree = "<group>"; };
		64348AA31C8D78C0005718A7 /* ViewController.h */ = {isa = PBXFileReference; lastKnownFileType = sourcecode.c.h; path = ViewController.h; sourceTree = "<group>"; };
		64348AA41C8D78C0005718A7 /* ViewController.m */ = {isa = PBXFileReference; lastKnownFileType = sourcecode.c.objc; path = ViewController.m; sourceTree = "<group>"; };
		64348AA71C8D78C0005718A7 /* Base */ = {isa = PBXFileReference; lastKnownFileType = file.storyboard; name = Base; path = Base.lproj/Main.storyboard; sourceTree = "<group>"; };
		64348AA91C8D78C0005718A7 /* Assets.xcassets */ = {isa = PBXFileReference; lastKnownFileType = folder.assetcatalog; path = Assets.xcassets; sourceTree = "<group>"; };
		64348AAC1C8D78C0005718A7 /* Base */ = {isa = PBXFileReference; lastKnownFileType = file.storyboard; name = Base; path = Base.lproj/LaunchScreen.storyboard; sourceTree = "<group>"; };
		64348AAE1C8D78C0005718A7 /* Info.plist */ = {isa = PBXFileReference; lastKnownFileType = text.plist.xml; path = Info.plist; sourceTree = "<group>"; };
		64348AB31C8D78C0005718A7 /* ApplePayTestTests.xctest */ = {isa = PBXFileReference; explicitFileType = wrapper.cfbundle; includeInIndex = 0; path = ApplePayTestTests.xctest; sourceTree = BUILT_PRODUCTS_DIR; };
		64348AB71C8D78C0005718A7 /* ApplePayTestTests.m */ = {isa = PBXFileReference; lastKnownFileType = sourcecode.c.objc; path = ApplePayTestTests.m; sourceTree = "<group>"; };
		64348AB91C8D78C0005718A7 /* Info.plist */ = {isa = PBXFileReference; lastKnownFileType = text.plist.xml; path = Info.plist; sourceTree = "<group>"; };
		64348ABE1C8D78C0005718A7 /* ApplePayTestUITests.xctest */ = {isa = PBXFileReference; explicitFileType = wrapper.cfbundle; includeInIndex = 0; path = ApplePayTestUITests.xctest; sourceTree = BUILT_PRODUCTS_DIR; };
		64348AC21C8D78C0005718A7 /* ApplePayTestUITests.m */ = {isa = PBXFileReference; lastKnownFileType = sourcecode.c.objc; path = ApplePayTestUITests.m; sourceTree = "<group>"; };
		64348AC41C8D78C0005718A7 /* Info.plist */ = {isa = PBXFileReference; lastKnownFileType = text.plist.xml; path = Info.plist; sourceTree = "<group>"; };
/* End PBXFileReference section */

/* Begin PBXFrameworksBuildPhase section */
		64348A971C8D78C0005718A7 /* Frameworks */ = {
			isa = PBXFrameworksBuildPhase;
			buildActionMask = 2147483647;
			files = (
			);
			runOnlyForDeploymentPostprocessing = 0;
		};
		64348AB01C8D78C0005718A7 /* Frameworks */ = {
			isa = PBXFrameworksBuildPhase;
			buildActionMask = 2147483647;
			files = (
			);
			runOnlyForDeploymentPostprocessing = 0;
		};
		64348ABB1C8D78C0005718A7 /* Frameworks */ = {
			isa = PBXFrameworksBuildPhase;
			buildActionMask = 2147483647;
			files = (
			);
			runOnlyForDeploymentPostprocessing = 0;
		};
/* End PBXFrameworksBuildPhase section */

/* Begin PBXGroup section */
		64348A911C8D78C0005718A7 = {
			isa = PBXGroup;
			children = (
				64348A9C1C8D78C0005718A7 /* ApplePayTest */,
				64348AB61C8D78C0005718A7 /* ApplePayTestTests */,
				64348AC11C8D78C0005718A7 /* ApplePayTestUITests */,
				64348A9B1C8D78C0005718A7 /* Products */,
			);
			sourceTree = "<group>";
		};
		64348A9B1C8D78C0005718A7 /* Products */ = {
			isa = PBXGroup;
			children = (
				64348A9A1C8D78C0005718A7 /* ApplePayTest.app */,
				64348AB31C8D78C0005718A7 /* ApplePayTestTests.xctest */,
				64348ABE1C8D78C0005718A7 /* ApplePayTestUITests.xctest */,
			);
			name = Products;
			sourceTree = "<group>";
		};
		64348A9C1C8D78C0005718A7 /* ApplePayTest */ = {
			isa = PBXGroup;
			children = (
				64348AA01C8D78C0005718A7 /* AppDelegate.h */,
				64348AA11C8D78C0005718A7 /* AppDelegate.m */,
				64348AA31C8D78C0005718A7 /* ViewController.h */,
				64348AA41C8D78C0005718A7 /* ViewController.m */,
				64348AA61C8D78C0005718A7 /* Main.storyboard */,
				64348AA91C8D78C0005718A7 /* Assets.xcassets */,
				64348AAB1C8D78C0005718A7 /* LaunchScreen.storyboard */,
				64348AAE1C8D78C0005718A7 /* Info.plist */,
				64348A9D1C8D78C0005718A7 /* Supporting Files */,
			);
			path = ApplePayTest;
			sourceTree = "<group>";
		};
		64348A9D1C8D78C0005718A7 /* Supporting Files */ = {
			isa = PBXGroup;
			children = (
				64348A9E1C8D78C0005718A7 /* main.m */,
			);
			name = "Supporting Files";
			sourceTree = "<group>";
		};
		64348AB61C8D78C0005718A7 /* ApplePayTestTests */ = {
			isa = PBXGroup;
			children = (
				64348AB71C8D78C0005718A7 /* ApplePayTestTests.m */,
				64348AB91C8D78C0005718A7 /* Info.plist */,
			);
			path = ApplePayTestTests;
			sourceTree = "<group>";
		};
		64348AC11C8D78C0005718A7 /* ApplePayTestUITests */ = {
			isa = PBXGroup;
			children = (
				64348AC21C8D78C0005718A7 /* ApplePayTestUITests.m */,
				64348AC41C8D78C0005718A7 /* Info.plist */,
			);
			path = ApplePayTestUITests;
			sourceTree = "<group>";
		};
/* End PBXGroup section */

/* Begin PBXNativeTarget section */
		64348A991C8D78C0005718A7 /* ApplePayTest */ = {
			isa = PBXNativeTarget;
			buildConfigurationList = 64348AC71C8D78C0005718A7 /* Build configuration list for PBXNativeTarget "ApplePayTest" */;
			buildPhases = (
				64348A961C8D78C0005718A7 /* Sources */,
				64348A971C8D78C0005718A7 /* Frameworks */,
				64348A981C8D78C0005718A7 /* Resources */,
			);
			buildRules = (
			);
			dependencies = (
			);
			name = ApplePayTest;
			productName = ApplePayTest;
			productReference = 64348A9A1C8D78C0005718A7 /* ApplePayTest.app */;
			productType = "com.apple.product-type.application";
		};
		64348AB21C8D78C0005718A7 /* ApplePayTestTests */ = {
			isa = PBXNativeTarget;
			buildConfigurationList = 64348ACA1C8D78C0005718A7 /* Build configuration list for PBXNativeTarget "ApplePayTestTests" */;
			buildPhases = (
				64348AAF1C8D78C0005718A7 /* Sources */,
				64348AB01C8D78C0005718A7 /* Frameworks */,
				64348AB11C8D78C0005718A7 /* Resources */,
			);
			buildRules = (
			);
			dependencies = (
				64348AB51C8D78C0005718A7 /* PBXTargetDependency */,
			);
			name = ApplePayTestTests;
			productName = ApplePayTestTests;
			productReference = 64348AB31C8D78C0005718A7 /* ApplePayTestTests.xctest */;
			productType = "com.apple.product-type.bundle.unit-test";
		};
		64348ABD1C8D78C0005718A7 /* ApplePayTestUITests */ = {
			isa = PBXNativeTarget;
			buildConfigurationList = 64348ACD1C8D78C0005718A7 /* Build configuration list for PBXNativeTarget "ApplePayTestUITests" */;
			buildPhases = (
				64348ABA1C8D78C0005718A7 /* Sources */,
				64348ABB1C8D78C0005718A7 /* Frameworks */,
				64348ABC1C8D78C0005718A7 /* Resources */,
			);
			buildRules = (
			);
			dependencies = (
				64348AC01C8D78C0005718A7 /* PBXTargetDependency */,
			);
			name = ApplePayTestUITests;
			productName = ApplePayTestUITests;
			productReference = 64348ABE1C8D78C0005718A7 /* ApplePayTestUITests.xctest */;
			productType = "com.apple.product-type.bundle.ui-testing";
		};
/* End PBXNativeTarget section */

/* Begin PBXProject section */
		64348A921C8D78C0005718A7 /* Project object */ = {
			isa = PBXProject;
			attributes = {
				LastUpgradeCheck = 0720;
				ORGANIZATIONNAME = littleBit;
				TargetAttributes = {
					64348A991C8D78C0005718A7 = {
						CreatedOnToolsVersion = 7.2.1;
					};
					64348AB21C8D78C0005718A7 = {
						CreatedOnToolsVersion = 7.2.1;
						TestTargetID = 64348A991C8D78C0005718A7;
					};
					64348ABD1C8D78C0005718A7 = {
						CreatedOnToolsVersion = 7.2.1;
						TestTargetID = 64348A991C8D78C0005718A7;
					};
				};
			};
			buildConfigurationList = 64348A951C8D78C0005718A7 /* Build configuration list for PBXProject "ApplePayTest" */;
			compatibilityVersion = "Xcode 3.2";
			developmentRegion = English;
			hasScannedForEncodings = 0;
			knownRegions = (
				en,
				Base,
			);
			mainGroup = 64348A911C8D78C0005718A7;
			productRefGroup = 64348A9B1C8D78C0005718A7 /* Products */;
			projectDirPath = "";
			projectRoot = "";
			targets = (
				64348A991C8D78C0005718A7 /* ApplePayTest */,
				64348AB21C8D78C0005718A7 /* ApplePayTestTests */,
				64348ABD1C8D78C0005718A7 /* ApplePayTestUITests */,
			);
		};
/* End PBXProject section */

/* Begin PBXResourcesBuildPhase section */
		64348A981C8D78C0005718A7 /* Resources */ = {
			isa = PBXResourcesBuildPhase;
			buildActionMask = 2147483647;
			files = (
				64348AAD1C8D78C0005718A7 /* LaunchScreen.storyboard in Resources */,
				64348AAA1C8D78C0005718A7 /* Assets.xcassets in Resources */,
				64348AA81C8D78C0005718A7 /* Main.storyboard in Resources */,
			);
			runOnlyForDeploymentPostprocessing = 0;
		};
		64348AB11C8D78C0005718A7 /* Resources */ = {
			isa = PBXResourcesBuildPhase;
			buildActionMask = 2147483647;
			files = (
			);
			runOnlyForDeploymentPostprocessing = 0;
		};
		64348ABC1C8D78C0005718A7 /* Resources */ = {
			isa = PBXResourcesBuildPhase;
			buildActionMask = 2147483647;
			files = (
			);
			runOnlyForDeploymentPostprocessing = 0;
		};
/* End PBXResourcesBuildPhase section */

/* Begin PBXSourcesBuildPhase section */
		64348A961C8D78C0005718A7 /* Sources */ = {
			isa = PBXSourcesBuildPhase;
			buildActionMask = 2147483647;
			files = (
				64348AA51C8D78C0005718A7 /* ViewController.m in Sources */,
				64348AA21C8D78C0005718A7 /* AppDelegate.m in Sources */,
				64348A9F1C8D78C0005718A7 /* main.m in Sources */,
			);
			runOnlyForDeploymentPostprocessing = 0;
		};
		64348AAF1C8D78C0005718A7 /* Sources */ = {
			isa = PBXSourcesBuildPhase;
			buildActionMask = 2147483647;
			files = (
				64348AB81C8D78C0005718A7 /* ApplePayTestTests.m in Sources */,
			);
			runOnlyForDeploymentPostprocessing = 0;
		};
		64348ABA1C8D78C0005718A7 /* Sources */ = {
			isa = PBXSourcesBuildPhase;
			buildActionMask = 2147483647;
			files = (
				64348AC31C8D78C0005718A7 /* ApplePayTestUITests.m in Sources */,
			);
			runOnlyForDeploymentPostprocessing = 0;
		};
/* End PBXSourcesBuildPhase section */

/* Begin PBXTargetDependency section */
		64348AB51C8D78C0005718A7 /* PBXTargetDependency */ = {
			isa = PBXTargetDependency;
			target = 64348A991C8D78C0005718A7 /* ApplePayTest */;
			targetProxy = 64348AB41C8D78C0005718A7 /* PBXContainerItemProxy */;
		};
		64348AC01C8D78C0005718A7 /* PBXTargetDependency */ = {
			isa = PBXTargetDependency;
			target = 64348A991C8D78C0005718A7 /* ApplePayTest */;
			targetProxy = 64348ABF1C8D78C0005718A7 /* PBXContainerItemProxy */;
		};
/* End PBXTargetDependency section */

/* Begin PBXVariantGroup section */
		64348AA61C8D78C0005718A7 /* Main.storyboard */ = {
			isa = PBXVariantGroup;
			children = (
				64348AA71C8D78C0005718A7 /* Base */,
			);
			name = Main.storyboard;
			sourceTree = "<group>";
		};
		64348AAB1C8D78C0005718A7 /* LaunchScreen.storyboard */ = {
			isa = PBXVariantGroup;
			children = (
				64348AAC1C8D78C0005718A7 /* Base */,
			);
			name = LaunchScreen.storyboard;
			sourceTree = "<group>";
		};
/* End PBXVariantGroup section */

/* Begin XCBuildConfiguration section */
		64348AC51C8D78C0005718A7 /* Debug */ = {
			isa = XCBuildConfiguration;
			buildSettings = {
				ALWAYS_SEARCH_USER_PATHS = NO;
				CLANG_CXX_LANGUAGE_STANDARD = "gnu++0x";
				CLANG_CXX_LIBRARY = "libc++";
				CLANG_ENABLE_MODULES = YES;
				CLANG_ENABLE_OBJC_ARC = YES;
				CLANG_WARN_BOOL_CONVERSION = YES;
				CLANG_WARN_CONSTANT_CONVERSION = YES;
				CLANG_WARN_DIRECT_OBJC_ISA_USAGE = YES_ERROR;
				CLANG_WARN_EMPTY_BODY = YES;
				CLANG_WARN_ENUM_CONVERSION = YES;
				CLANG_WARN_INT_CONVERSION = YES;
				CLANG_WARN_OBJC_ROOT_CLASS = YES_ERROR;
				CLANG_WARN_UNREACHABLE_CODE = YES;
				CLANG_WARN__DUPLICATE_METHOD_MATCH = YES;
				"CODE_SIGN_IDENTITY[sdk=iphoneos*]" = "iPhone Developer";
				COPY_PHASE_STRIP = NO;
				DEBUG_INFORMATION_FORMAT = dwarf;
				ENABLE_STRICT_OBJC_MSGSEND = YES;
				ENABLE_TESTABILITY = YES;
				GCC_C_LANGUAGE_STANDARD = gnu99;
				GCC_DYNAMIC_NO_PIC = NO;
				GCC_NO_COMMON_BLOCKS = YES;
				GCC_OPTIMIZATION_LEVEL = 0;
				GCC_PREPROCESSOR_DEFINITIONS = (
					"DEBUG=1",
					"$(inherited)",
				);
				GCC_WARN_64_TO_32_BIT_CONVERSION = YES;
				GCC_WARN_ABOUT_RETURN_TYPE = YES_ERROR;
				GCC_WARN_UNDECLARED_SELECTOR = YES;
				GCC_WARN_UNINITIALIZED_AUTOS = YES_AGGRESSIVE;
				GCC_WARN_UNUSED_FUNCTION = YES;
				GCC_WARN_UNUSED_VARIABLE = YES;
				IPHONEOS_DEPLOYMENT_TARGET = 9.2;
				MTL_ENABLE_DEBUG_INFO = YES;
				ONLY_ACTIVE_ARCH = YES;
				SDKROOT = iphoneos;
				TARGETED_DEVICE_FAMILY = "1,2";
			};
			name = Debug;
		};
		64348AC61C8D78C0005718A7 /* Release */ = {
			isa = XCBuildConfiguration;
			buildSettings = {
				ALWAYS_SEARCH_USER_PATHS = NO;
				CLANG_CXX_LANGUAGE_STANDARD = "gnu++0x";
				CLANG_CXX_LIBRARY = "libc++";
				CLANG_ENABLE_MODULES = YES;
				CLANG_ENABLE_OBJC_ARC = YES;
				CLANG_WARN_BOOL_CONVERSION = YES;
				CLANG_WARN_CONSTANT_CONVERSION = YES;
				CLANG_WARN_DIRECT_OBJC_ISA_USAGE = YES_ERROR;
				CLANG_WARN_EMPTY_BODY = YES;
				CLANG_WARN_ENUM_CONVERSION = YES;
				CLANG_WARN_INT_CONVERSION = YES;
				CLANG_WARN_OBJC_ROOT_CLASS = YES_ERROR;
				CLANG_WARN_UNREACHABLE_CODE = YES;
				CLANG_WARN__DUPLICATE_METHOD_MATCH = YES;
				"CODE_SIGN_IDENTITY[sdk=iphoneos*]" = "iPhone Developer";
				COPY_PHASE_STRIP = NO;
				DEBUG_INFORMATION_FORMAT = "dwarf-with-dsym";
				ENABLE_NS_ASSERTIONS = NO;
				ENABLE_STRICT_OBJC_MSGSEND = YES;
				GCC_C_LANGUAGE_STANDARD = gnu99;
				GCC_NO_COMMON_BLOCKS = YES;
				GCC_WARN_64_TO_32_BIT_CONVERSION = YES;
				GCC_WARN_ABOUT_RETURN_TYPE = YES_ERROR;
				GCC_WARN_UNDECLARED_SELECTOR = YES;
				GCC_WARN_UNINITIALIZED_AUTOS = YES_AGGRESSIVE;
				GCC_WARN_UNUSED_FUNCTION = YES;
				GCC_WARN_UNUSED_VARIABLE = YES;
				IPHONEOS_DEPLOYMENT_TARGET = 9.2;
				MTL_ENABLE_DEBUG_INFO = NO;
				SDKROOT = iphoneos;
				TARGETED_DEVICE_FAMILY = "1,2";
				VALIDATE_PRODUCT = YES;
			};
			name = Release;
		};
		64348AC81C8D78C0005718A7 /* Debug */ = {
			isa = XCBuildConfiguration;
			buildSettings = {
				ASSETCATALOG_COMPILER_APPICON_NAME = AppIcon;
				INFOPLIST_FILE = ApplePayTest/Info.plist;
				LD_RUNPATH_SEARCH_PATHS = "$(inherited) @executable_path/Frameworks";
				PRODUCT_BUNDLE_IDENTIFIER = com.littleBit.com.ApplePayTest;
				PRODUCT_NAME = "$(TARGET_NAME)";
			};
			name = Debug;
		};
		64348AC91C8D78C0005718A7 /* Release */ = {
			isa = XCBuildConfiguration;
			buildSettings = {
				ASSETCATALOG_COMPILER_APPICON_NAME = AppIcon;
				INFOPLIST_FILE = ApplePayTest/Info.plist;
				LD_RUNPATH_SEARCH_PATHS = "$(inherited) @executable_path/Frameworks";
				PRODUCT_BUNDLE_IDENTIFIER = com.littleBit.com.ApplePayTest;
				PRODUCT_NAME = "$(TARGET_NAME)";
			};
			name = Release;
		};
		64348ACB1C8D78C0005718A7 /* Debug */ = {
			isa = XCBuildConfiguration;
			buildSettings = {
				BUNDLE_LOADER = "$(TEST_HOST)";
				INFOPLIST_FILE = ApplePayTestTests/Info.plist;
				LD_RUNPATH_SEARCH_PATHS = "$(inherited) @executable_path/Frameworks @loader_path/Frameworks";
				PRODUCT_BUNDLE_IDENTIFIER = com.littleBit.com.ApplePayTestTests;
				PRODUCT_NAME = "$(TARGET_NAME)";
				TEST_HOST = "$(BUILT_PRODUCTS_DIR)/ApplePayTest.app/ApplePayTest";
			};
			name = Debug;
		};
		64348ACC1C8D78C0005718A7 /* Release */ = {
			isa = XCBuildConfiguration;
			buildSettings = {
				BUNDLE_LOADER = "$(TEST_HOST)";
				INFOPLIST_FILE = ApplePayTestTests/Info.plist;
				LD_RUNPATH_SEARCH_PATHS = "$(inherited) @executable_path/Frameworks @loader_path/Frameworks";
				PRODUCT_BUNDLE_IDENTIFIER = com.littleBit.com.ApplePayTestTests;
				PRODUCT_NAME = "$(TARGET_NAME)";
				TEST_HOST = "$(BUILT_PRODUCTS_DIR)/ApplePayTest.app/ApplePayTest";
			};
			name = Release;
		};
		64348ACE1C8D78C0005718A7 /* Debug */ = {
			isa = XCBuildConfiguration;
			buildSettings = {
				INFOPLIST_FILE = ApplePayTestUITests/Info.plist;
				LD_RUNPATH_SEARCH_PATHS = "$(inherited) @executable_path/Frameworks @loader_path/Frameworks";
				PRODUCT_BUNDLE_IDENTIFIER = com.littleBit.com.ApplePayTestUITests;
				PRODUCT_NAME = "$(TARGET_NAME)";
				TEST_TARGET_NAME = ApplePayTest;
				USES_XCTRUNNER = YES;
			};
			name = Debug;
		};
		64348ACF1C8D78C0005718A7 /* Release */ = {
			isa = XCBuildConfiguration;
			buildSettings = {
				INFOPLIST_FILE = ApplePayTestUITests/Info.plist;
				LD_RUNPATH_SEARCH_PATHS = "$(inherited) @executable_path/Frameworks @loader_path/Frameworks";
				PRODUCT_BUNDLE_IDENTIFIER = com.littleBit.com.ApplePayTestUITests;
				PRODUCT_NAME = "$(TARGET_NAME)";
				TEST_TARGET_NAME = ApplePayTest;
				USES_XCTRUNNER = YES;
			};
			name = Release;
		};
/* End XCBuildConfiguration section */

/* Begin XCConfigurationList section */
		64348A951C8D78C0005718A7 /* Build configuration list for PBXProject "ApplePayTest" */ = {
			isa = XCConfigurationList;
			buildConfigurations = (
				64348AC51C8D78C0005718A7 /* Debug */,
				64348AC61C8D78C0005718A7 /* Release */,
			);
			defaultConfigurationIsVisible = 0;
			defaultConfigurationName = Release;
		};
		64348AC71C8D78C0005718A7 /* Build configuration list for PBXNativeTarget "ApplePayTest" */ = {
			isa = XCConfigurationList;
			buildConfigurations = (
				64348AC81C8D78C0005718A7 /* Debug */,
				64348AC91C8D78C0005718A7 /* Release */,
			);
			defaultConfigurationIsVisible = 0;
		};
		64348ACA1C8D78C0005718A7 /* Build configuration list for PBXNativeTarget "ApplePayTestTests" */ = {
			isa = XCConfigurationList;
			buildConfigurations = (
				64348ACB1C8D78C0005718A7 /* Debug */,
				64348ACC1C8D78C0005718A7 /* Release */,
			);
			defaultConfigurationIsVisible = 0;
		};
		64348ACD1C8D78C0005718A7 /* Build configuration list for PBXNativeTarget "ApplePayTestUITests" */ = {
			isa = XCConfigurationList;
			buildConfigurations = (
				64348ACE1C8D78C0005718A7 /* Debug */,
				64348ACF1C8D78C0005718A7 /* Release */,
			);
			defaultConfigurationIsVisible = 0;
		};
/* End XCConfigurationList section */
	};
	rootObject = 64348A921C8D78C0005718A7 /* Project object */;
}
